{
  "name": "react-intl-bug",
  "version": "1.0.0",
  "lockfileVersion": 1,
  "requires": true,
  "dependencies": {
    "@formatjs/intl-relativetimeformat": {
      "version": "4.1.1",
      "resolved": "https://registry.npmjs.org/@formatjs/intl-relativetimeformat/-/intl-relativetimeformat-4.1.1.tgz",
      "integrity": "sha512-k+WADErd1ORTcJ/4LyrVzJcXkcXL3l9wKCsMT2d7Kq4dbap2OKv2GLBGdKR3H7SBKCooyDRV5W79et9egGzsyQ==",
      "requires": {
        "@formatjs/intl-utils": "^1.3.0"
      }
    },
    "@formatjs/intl-unified-numberformat": {
      "version": "1.0.1",
      "resolved": "https://registry.npmjs.org/@formatjs/intl-unified-numberformat/-/intl-unified-numberformat-1.0.1.tgz",
      "integrity": "sha512-nlHCmisXCzCOloy+My1PCGkjfrkFeHwDSq2IVnt8OFwDbljXX+atGg32T+w3nvRpbMWBJ7GsYIEeaZq+UFMomw==",
      "requires": {
        "@formatjs/intl-utils": "^1.3.0"
      }
    },
    "@formatjs/intl-utils": {
      "version": "1.3.0",
      "resolved": "https://registry.npmjs.org/@formatjs/intl-utils/-/intl-utils-1.3.0.tgz",
      "integrity": "sha512-86/alWvUC+6doouKTt8n7fQr2b9XzLigdUgYdTLRa+0RC5cI1cMjQJV/I1qzlKAk/9dCuYBxOJsytXCUzmrAVA=="
    },
    "@types/hoist-non-react-statics": {
      "version": "3.3.1",
      "resolved": "https://registry.npmjs.org/@types/hoist-non-react-statics/-/hoist-non-react-statics-3.3.1.tgz",
      "integrity": "sha512-iMIqiko6ooLrTh1joXodJK5X9xeEALT1kM5G3ZLhD3hszxBdIEd5C75U834D9mLcINgD4OyZf5uQXjkuYydWvA==",
      "requires": {
        "@types/react": "*",
        "hoist-non-react-statics": "^3.3.0"
      }
    },
    "@types/invariant": {
      "version": "2.2.30",
      "resolved": "https://registry.npmjs.org/@types/invariant/-/invariant-2.2.30.tgz",
      "integrity": "sha512-98fB+yo7imSD2F7PF7GIpELNgtLNgo5wjivu0W5V4jx+KVVJxo6p/qN4zdzSTBWy4/sN3pPyXwnhRSD28QX+ag=="
    },
    "@types/prop-types": {
      "version": "15.7.3",
      "resolved": "https://registry.npmjs.org/@types/prop-types/-/prop-types-15.7.3.tgz",
      "integrity": "sha512-KfRL3PuHmqQLOG+2tGpRO26Ctg+Cq1E01D2DMriKEATHgWLfeNDmq9e29Q9WIky0dQ3NPkd1mzYH8Lm936Z9qw=="
    },
    "@types/react": {
      "version": "16.9.4",
      "resolved": "https://registry.npmjs.org/@types/react/-/react-16.9.4.tgz",
      "integrity": "sha512-ItGNmJvQ0IvWt8rbk5PLdpdQhvBVxAaXI9hDlx7UMd8Ie1iMIuwMNiKeTfmVN517CdplpyXvA22X4zm4jGGZnw==",
      "requires": {
        "@types/prop-types": "*",
        "csstype": "^2.2.0"
      }
    },
    "csstype": {
      "version": "2.6.6",
      "resolved": "https://registry.npmjs.org/csstype/-/csstype-2.6.6.tgz",
      "integrity": "sha512-RpFbQGUE74iyPgvr46U9t1xoQBM8T4BL8SxrN66Le2xYAPSaDJJKeztV3awugusb3g3G9iL8StmkBBXhcbbXhg=="
    },
    "hoist-non-react-statics": {
      "version": "3.3.0",
      "resolved": "https://registry.npmjs.org/hoist-non-react-statics/-/hoist-non-react-statics-3.3.0.tgz",
      "integrity": "sha512-0XsbTXxgiaCDYDIWFcwkmerZPSwywfUqYmwT4jzewKTQSWoE6FCMoUVOeBJWK3E/CrWbxRG3m5GzY4lnIwGRBA==",
      "requires": {
        "react-is": "^16.7.0"
      }
    },
    "intl-format-cache": {
      "version": "4.2.1",
      "resolved": "https://registry.npmjs.org/intl-format-cache/-/intl-format-cache-4.2.1.tgz",
      "integrity": "sha512-H4XtqFAaLkw7S9qLLLt/CdSLPVrcWqbr9oqmTvyzo7OelnOR8UDsIoK9TQ2f8powT2Fsm7lJ8aUFx+uNCVfuTA=="
    },
    "intl-locales-supported": {
      "version": "1.5.0",
      "resolved": "https://registry.npmjs.org/intl-locales-supported/-/intl-locales-supported-1.5.0.tgz",
      "integrity": "sha512-VYLdcF3Z4b8UZ7tj3hxz9auSjIxpm18NLoUlgvt4I78vrskxstKqfKQlsuFpGE+n2RNkqrwlYo3D9QcYSjx4NA=="
    },
    "intl-messageformat": {
      "version": "7.3.1",
      "resolved": "https://registry.npmjs.org/intl-messageformat/-/intl-messageformat-7.3.1.tgz",
      "integrity": "sha512-89uEUl55pBPZgLznTVpwva1OxitiIemanucu9NeoiGcAw6jMyFhPtPAPjaT64TwbA3zNxtQm30atWx+RY9jGXg==",
      "requires": {
        "intl-format-cache": "^4.2.1",
        "intl-messageformat-parser": "^3.2.0"
      }
    },
    "intl-messageformat-parser": {
      "version": "3.2.0",
      "resolved": "https://registry.npmjs.org/intl-messageformat-parser/-/intl-messageformat-parser-3.2.0.tgz",
      "integrity": "sha512-07G+OTgIEsYIPpy793/EU14Slz03nqouODE+CGXlojw1gOF1IaUXk99EOlVdKsPwl95hUJon4dsp9D7/XPBDCw=="
    },
    "invariant": {
      "version": "2.2.4",
      "resolved": "https://registry.npmjs.org/invariant/-/invariant-2.2.4.tgz",
      "integrity": "sha512-phJfQVBuaJM5raOpJjSfkiD6BpbCE4Ns//LaXl6wGYtUBY83nWS6Rf9tXm2e8VaK60JEjYldbPif/A2B1C2gNA==",
      "requires": {
        "loose-envify": "^1.0.0"
      }
    },
    "js-tokens": {
      "version": "4.0.0",
      "resolved": "https://registry.npmjs.org/js-tokens/-/js-tokens-4.0.0.tgz",
      "integrity": "sha512-RdJUflcE3cUzKiMqQgsCu06FPu9UdIJO0beYbPhHN4k6apgJtifcoCtT9bcxOpYBtpD2kCM6Sbzg4CausW/PKQ=="
    },
    "loose-envify": {
      "version": "1.4.0",
      "resolved": "https://registry.npmjs.org/loose-envify/-/loose-envify-1.4.0.tgz",
      "integrity": "sha512-lyuxPGr/Wfhrlem2CL/UcnUc1zcqKAImBDzukY7Y5F/yQiNdko6+fRLevlw1HgMySw7f611UIY408EtxRSoK3Q==",
      "requires": {
        "js-tokens": "^3.0.0 || ^4.0.0"
      }
    },
    "object-assign": {
      "version": "4.1.1",
      "resolved": "https://registry.npmjs.org/object-assign/-/object-assign-4.1.1.tgz",
      "integrity": "sha1-IQmtx5ZYh8/AXLvUQsrIv7s2CGM="
    },
    "prop-types": {
      "version": "15.7.2",
      "resolved": "https://registry.npmjs.org/prop-types/-/prop-types-15.7.2.tgz",
      "integrity": "sha512-8QQikdH7//R2vurIJSutZ1smHYTcLpRWEOlHnzcWHmBYrOGUysKwSsrC89BCiFj3CbrfJ/nXFdJepOVrY1GCHQ==",
      "requires": {
        "loose-envify": "^1.4.0",
        "object-assign": "^4.1.1",
        "react-is": "^16.8.1"
      }
    },
    "react": {
      "version": "16.10.1",
      "resolved": "https://registry.npmjs.org/react/-/react-16.10.1.tgz",
      "integrity": "sha512-2bisHwMhxQ3XQz4LiJJwG3360pY965pTl/MRrZYxIBKVj4fOHoDs5aZAkYXGxDRO1Li+SyjTAilQEbOmtQJHzA==",
      "requires": {
        "loose-envify": "^1.1.0",
        "object-assign": "^4.1.1",
        "prop-types": "^15.6.2"
      }
    },
    "react-intl": {
      "version": "3.3.2",
      "resolved": "https://registry.npmjs.org/react-intl/-/react-intl-3.3.2.tgz",
      "integrity": "sha512-Y2QMrcVxkVSzuTD/3+wkbJOV+vYcu60KsKY5XqJ6IkzseFY68myk7ijJ1UHXOP/xBdJtwiXVOCG10EDwDGj/xQ==",
      "requires": {
        "@formatjs/intl-relativetimeformat": "^4.1.1",
        "@formatjs/intl-unified-numberformat": "^1.0.0",
        "@types/hoist-non-react-statics": "^3.3.1",
        "@types/invariant": "^2.2.30",
        "hoist-non-react-statics": "^3.3.0",
        "intl-format-cache": "^4.2.1",
        "intl-locales-supported": "^1.5.0",
        "intl-messageformat": "^7.3.1",
        "intl-messageformat-parser": "^3.2.0",
        "invariant": "^2.1.1",
        "shallow-equal": "^1.1.0"
      }
    },
    "react-is": {
      "version": "16.10.1",
      "resolved": "https://registry.npmjs.org/react-is/-/react-is-16.10.1.tgz",
      "integrity": "sha512-BXUMf9sIOPXXZWqr7+c5SeOKJykyVr2u0UDzEf4LNGc6taGkQe1A9DFD07umCIXz45RLr9oAAwZbAJ0Pkknfaw=="
    },
    "shallow-equal": {
      "version": "1.2.0",
      "resolved": "https://registry.npmjs.org/shallow-equal/-/shallow-equal-1.2.0.tgz",
      "integrity": "sha512-Z21pVxR4cXsfwpMKMhCEIO1PCi5sp7KEp+CmOpBQ+E8GpHwKOw2sEzk7sgblM3d/j4z4gakoWEoPcjK0VJQogA=="
    }
  }
}
